
Microsoft Visual Studio Solution File, Format Version 12.00
# Visual Studio Version 17
VisualStudioVersion = 17.14.36414.22 d17.14
MinimumVisualStudioVersion = 10.0.40219.1
Project("{FAE04EC0-301F-11D3-BF4B-00C04F79EFBC}") = "ST10448839_POE_Part2", "ST10448839_POE_Part2\ST10448839_POE_Part2.csproj", "{EF14C49D-369E-419D-B707-1A593A40B053}"
EndProject
Global
	GlobalSection(SolutionConfigurationPlatforms) = preSolution
		Debug|Any CPU = Debug|Any CPU
		Release|Any CPU = Release|Any CPU
	EndGlobalSection
	GlobalSection(ProjectConfigurationPlatforms) = postSolution
		{EF14C49D-369E-419D-B707-1A593A40B053}.Debug|Any CPU.ActiveCfg = Debug|Any CPU
		{EF14C49D-369E-419D-B707-1A593A40B053}.Debug|Any CPU.Build.0 = Debug|Any CPU
		{EF14C49D-369E-419D-B707-1A593A40B053}.Release|Any CPU.ActiveCfg = Release|Any CPU
		{EF14C49D-369E-419D-B707-1A593A40B053}.Release|Any CPU.Build.0 = Release|Any CPU
	EndGlobalSection
	GlobalSection(SolutionProperties) = preSolution
		HideSolutionNode = FALSE
	EndGlobalSection
	GlobalSection(ExtensibilityGlobals) = postSolution
		SolutionGuid = {D26A0F8A-5DEB-4070-8A6E-466C09DB01DF}
	EndGlobalSection
EndGlobal
